{
  "nodes": {
    "home-manager": {
      "info": {
        "lastModified": 1587442074,
        "narHash": "sha256-SmC1aP9TJImzHlNIWOTa+uwePeHoEcfGJEewXXWAtfc="
      },
      "inputs": {
        "nixpkgs": "nixpkgs"
      },
      "locked": {
        "owner": "rycee",
        "repo": "home-manager",
        "rev": "e13bd1e79372c58cc1e86e45bdf304f4b6770fe3",
        "type": "github"
      },
      "original": {
        "owner": "rycee",
        "ref": "bqv-flakes",
        "repo": "home-manager",
        "type": "github"
      }
    },
    "nixos-hardware": {
      "flake": false,
      "info": {
        "lastModified": 1587720950,
        "narHash": "sha256-G9/po4PZW+v+UWRK1uU12/CNnrRLKgcKfRZxUqHy+lU="
      },
      "locked": {
        "owner": "NixOS",
        "repo": "nixos-hardware",
        "rev": "d928c96e3c86423e829779c84eef70848b835923",
        "type": "github"
      },
      "original": {
        "owner": "NixOS",
        "repo": "nixos-hardware",
        "type": "github"
      }
    },
    "nixpkgs": {
      "info": {
        "lastModified": 1587156643,
        "narHash": "sha256-luYTHiRO+5VIaE3h28EKbRy4jOj3PJWPijmwkacZLgQ="
      },
      "locked": {
        "owner": "NixOS",
        "repo": "nixpkgs-channels",
        "rev": "10100a97c8964e82b30f180fda41ade8e6f69e41",
        "type": "github"
      },
      "original": {
        "owner": "NixOS",
        "ref": "nixpkgs-unstable",
        "repo": "nixpkgs-channels",
        "type": "github"
      }
    },
    "root": {
      "inputs": {
        "home-manager": "home-manager",
        "nixos-hardware": "nixos-hardware",
        "nixpkgs": "nixpkgs"
      }
    }
  },
  "root": "root",
  "version": 5
}
