{
  "nodes": {
    "emacs-overlay": {
      "locked": {
        "lastModified": 1612340343,
        "narHash": "sha256-uZH4HS+5Nl7rsVa8G7LhxYOYtdTLU/OEbbr9+dc1sag=",
        "owner": "nix-community",
        "repo": "emacs-overlay",
        "rev": "e86a02048c791be90a61f69b083c5b4a3837f951",
        "type": "github"
      },
      "original": {
        "owner": "nix-community",
        "repo": "emacs-overlay",
        "type": "github"
      }
    },
    "home-manager": {
      "inputs": {
        "nixpkgs": [
          "nixpkgs"
        ]
      },
      "locked": {
        "lastModified": 1612191125,
        "narHash": "sha256-sqeVW5mIpxcbGL5od8kGxH5gAkimOEJjss2ZvsW9mLQ=",
        "owner": "rycee",
        "repo": "home-manager",
        "rev": "0fa2b16a0714e35f472d17dc707ee130a269123f",
        "type": "github"
      },
      "original": {
        "owner": "rycee",
        "ref": "master",
        "repo": "home-manager",
        "type": "github"
      }
    },
    "nixos-hardware": {
      "flake": false,
      "locked": {
        "lastModified": 1612300919,
        "narHash": "sha256-+R4qzU4y/pK7LAg+MSd6JxHxbEqCXOuk8Y3xhOWWmmE=",
        "owner": "NixOS",
        "repo": "nixos-hardware",
        "rev": "d6a123118152f766cb87983ed60b9a0094fa4306",
        "type": "github"
      },
      "original": {
        "owner": "NixOS",
        "repo": "nixos-hardware",
        "type": "github"
      }
    },
    "nixpkgs": {
      "locked": {
        "lastModified": 1612330965,
        "narHash": "sha256-AoIYR82b2pyfllnuwPBlnEsm4JTElTexgbE4puhVTbU=",
        "owner": "NixOS",
        "repo": "nixpkgs",
        "rev": "60d9784263c188bedb0618616024c06149809580",
        "type": "github"
      },
      "original": {
        "owner": "NixOS",
        "ref": "nixpkgs-unstable",
        "repo": "nixpkgs",
        "type": "github"
      }
    },
    "nixpkgs-stable": {
      "locked": {
        "lastModified": 1603921147,
        "narHash": "sha256-tnLqR9bIykefPjm0drs/e6zlIFUAFmuwMLgXssm0NqY=",
        "owner": "NixOS",
        "repo": "nixpkgs",
        "rev": "504f993df9a5ca63317fe9c859df19daad30aa14",
        "type": "github"
      },
      "original": {
        "owner": "NixOS",
        "ref": "nixos-20.03",
        "repo": "nixpkgs",
        "type": "github"
      }
    },
    "root": {
      "inputs": {
        "emacs-overlay": "emacs-overlay",
        "home-manager": "home-manager",
        "nixos-hardware": "nixos-hardware",
        "nixpkgs": "nixpkgs",
        "nixpkgs-stable": "nixpkgs-stable"
      }
    }
  },
  "root": "root",
  "version": 7
}
